
Microsoft Visual Studio Solution File, Format Version 12.00
# Visual Studio 14
VisualStudioVersion = 14.0.24720.0
MinimumVisualStudioVersion = 10.0.40219.1
Project("{FAE04EC0-301F-11D3-BF4B-00C04F79EFBC}") = "DeviceController", "DeviceController\DeviceController.csproj", "{3F442E94-4BAC-4618-873F-FB8C356E2C8E}"
EndProject
Project("{FAE04EC0-301F-11D3-BF4B-00C04F79EFBC}") = "DeviceController.IO", "DeviceController.IO\DeviceController.IO.csproj", "{D74196AF-7887-4AAC-BE4A-AF257AECEC4F}"
EndProject
Project("{FAE04EC0-301F-11D3-BF4B-00C04F79EFBC}") = "DeviceController.Data", "DeviceController.Data\DeviceController.Data.csproj", "{E078F29F-5F0C-4AEB-8831-DF4AB4BE798E}"
EndProject
Global
	GlobalSection(SolutionConfigurationPlatforms) = preSolution
		Debug|Any CPU = Debug|Any CPU
		Release|Any CPU = Release|Any CPU
	EndGlobalSection
	GlobalSection(ProjectConfigurationPlatforms) = postSolution
		{3F442E94-4BAC-4618-873F-FB8C356E2C8E}.Debug|Any CPU.ActiveCfg = Debug|Any CPU
		{3F442E94-4BAC-4618-873F-FB8C356E2C8E}.Debug|Any CPU.Build.0 = Debug|Any CPU
		{3F442E94-4BAC-4618-873F-FB8C356E2C8E}.Release|Any CPU.ActiveCfg = Release|Any CPU
		{3F442E94-4BAC-4618-873F-FB8C356E2C8E}.Release|Any CPU.Build.0 = Release|Any CPU
		{D74196AF-7887-4AAC-BE4A-AF257AECEC4F}.Debug|Any CPU.ActiveCfg = Debug|Any CPU
		{D74196AF-7887-4AAC-BE4A-AF257AECEC4F}.Debug|Any CPU.Build.0 = Debug|Any CPU
		{D74196AF-7887-4AAC-BE4A-AF257AECEC4F}.Release|Any CPU.ActiveCfg = Release|Any CPU
		{D74196AF-7887-4AAC-BE4A-AF257AECEC4F}.Release|Any CPU.Build.0 = Release|Any CPU
		{E078F29F-5F0C-4AEB-8831-DF4AB4BE798E}.Debug|Any CPU.ActiveCfg = Debug|Any CPU
		{E078F29F-5F0C-4AEB-8831-DF4AB4BE798E}.Debug|Any CPU.Build.0 = Debug|Any CPU
		{E078F29F-5F0C-4AEB-8831-DF4AB4BE798E}.Release|Any CPU.ActiveCfg = Release|Any CPU
		{E078F29F-5F0C-4AEB-8831-DF4AB4BE798E}.Release|Any CPU.Build.0 = Release|Any CPU
	EndGlobalSection
	GlobalSection(SolutionProperties) = preSolution
		HideSolutionNode = FALSE
	EndGlobalSection
EndGlobal
